
Microsoft Visual Studio Solution File, Format Version 12.00
# Visual Studio 15
VisualStudioVersion = 15.0.27703.2000
MinimumVisualStudioVersion = 10.0.40219.1
Project("{8BC9CEB8-8B4A-11D0-8D11-00A0C91BC942}") = "RoundOne", "AWEPlayground\AWEPlayground.vcxproj", "{9A9F87CA-3C76-4332-A2F8-86E88F26B889}"
EndProject
Project("{8BC9CEB8-8B4A-11D0-8D11-00A0C91BC942}") = "RoundTwo", "RoundTwo\RoundTwo.vcxproj", "{719BE1D7-9E27-4082-AE57-C0CBCBFA0C79}"
EndProject
Global
	GlobalSection(SolutionConfigurationPlatforms) = preSolution
		Debug|x64 = Debug|x64
		Debug|x86 = Debug|x86
		Release|x64 = Release|x64
		Release|x86 = Release|x86
	EndGlobalSection
	GlobalSection(ProjectConfigurationPlatforms) = postSolution
		{9A9F87CA-3C76-4332-A2F8-86E88F26B889}.Debug|x64.ActiveCfg = Debug|x64
		{9A9F87CA-3C76-4332-A2F8-86E88F26B889}.Debug|x64.Build.0 = Debug|x64
		{9A9F87CA-3C76-4332-A2F8-86E88F26B889}.Debug|x86.ActiveCfg = Debug|Win32
		{9A9F87CA-3C76-4332-A2F8-86E88F26B889}.Debug|x86.Build.0 = Debug|Win32
		{9A9F87CA-3C76-4332-A2F8-86E88F26B889}.Release|x64.ActiveCfg = Release|x64
		{9A9F87CA-3C76-4332-A2F8-86E88F26B889}.Release|x64.Build.0 = Release|x64
		{9A9F87CA-3C76-4332-A2F8-86E88F26B889}.Release|x86.ActiveCfg = Release|Win32
		{9A9F87CA-3C76-4332-A2F8-86E88F26B889}.Release|x86.Build.0 = Release|Win32
		{719BE1D7-9E27-4082-AE57-C0CBCBFA0C79}.Debug|x64.ActiveCfg = Debug|x64
		{719BE1D7-9E27-4082-AE57-C0CBCBFA0C79}.Debug|x64.Build.0 = Debug|x64
		{719BE1D7-9E27-4082-AE57-C0CBCBFA0C79}.Debug|x86.ActiveCfg = Debug|Win32
		{719BE1D7-9E27-4082-AE57-C0CBCBFA0C79}.Debug|x86.Build.0 = Debug|Win32
		{719BE1D7-9E27-4082-AE57-C0CBCBFA0C79}.Release|x64.ActiveCfg = Release|x64
		{719BE1D7-9E27-4082-AE57-C0CBCBFA0C79}.Release|x64.Build.0 = Release|x64
		{719BE1D7-9E27-4082-AE57-C0CBCBFA0C79}.Release|x86.ActiveCfg = Release|Win32
		{719BE1D7-9E27-4082-AE57-C0CBCBFA0C79}.Release|x86.Build.0 = Release|Win32
	EndGlobalSection
	GlobalSection(SolutionProperties) = preSolution
		HideSolutionNode = FALSE
	EndGlobalSection
	GlobalSection(ExtensibilityGlobals) = postSolution
		SolutionGuid = {E6699208-60A8-4498-88B2-39D0245E2D68}
	EndGlobalSection
EndGlobal
